
Microsoft Visual Studio Solution File, Format Version 12.00
# Visual Studio Version 17
VisualStudioVersion = 17.9.34728.123
MinimumVisualStudioVersion = 10.0.40219.1
Project("{9A19103F-16F7-4668-BE54-9A1E7A4F7556}") = "URIs Demo", "URIs Demo\URIs Demo.csproj", "{841CC48D-CB0E-422D-A546-301D27B2FC29}"
EndProject
Project("{9A19103F-16F7-4668-BE54-9A1E7A4F7556}") = "HttpClient Class Demo-01", "HttpClient Class Demo-01\HttpClient Class Demo-01.csproj", "{E0F8C55F-C0CE-4E62-943B-E4CA7381E34A}"
EndProject
Project("{FAE04EC0-301F-11D3-BF4B-00C04F79EFBC}") = "DemoHttpClient", "DemoHttpClient\DemoHttpClient.csproj", "{F55D6C9B-9D24-4738-865D-2D4A26BB37F0}"
EndProject
Global
	GlobalSection(SolutionConfigurationPlatforms) = preSolution
		Debug|Any CPU = Debug|Any CPU
		Release|Any CPU = Release|Any CPU
	EndGlobalSection
	GlobalSection(ProjectConfigurationPlatforms) = postSolution
		{841CC48D-CB0E-422D-A546-301D27B2FC29}.Debug|Any CPU.ActiveCfg = Debug|Any CPU
		{841CC48D-CB0E-422D-A546-301D27B2FC29}.Debug|Any CPU.Build.0 = Debug|Any CPU
		{841CC48D-CB0E-422D-A546-301D27B2FC29}.Release|Any CPU.ActiveCfg = Release|Any CPU
		{841CC48D-CB0E-422D-A546-301D27B2FC29}.Release|Any CPU.Build.0 = Release|Any CPU
		{E0F8C55F-C0CE-4E62-943B-E4CA7381E34A}.Debug|Any CPU.ActiveCfg = Debug|Any CPU
		{E0F8C55F-C0CE-4E62-943B-E4CA7381E34A}.Debug|Any CPU.Build.0 = Debug|Any CPU
		{E0F8C55F-C0CE-4E62-943B-E4CA7381E34A}.Release|Any CPU.ActiveCfg = Release|Any CPU
		{E0F8C55F-C0CE-4E62-943B-E4CA7381E34A}.Release|Any CPU.Build.0 = Release|Any CPU
		{F55D6C9B-9D24-4738-865D-2D4A26BB37F0}.Debug|Any CPU.ActiveCfg = Debug|Any CPU
		{F55D6C9B-9D24-4738-865D-2D4A26BB37F0}.Debug|Any CPU.Build.0 = Debug|Any CPU
		{F55D6C9B-9D24-4738-865D-2D4A26BB37F0}.Release|Any CPU.ActiveCfg = Release|Any CPU
		{F55D6C9B-9D24-4738-865D-2D4A26BB37F0}.Release|Any CPU.Build.0 = Release|Any CPU
	EndGlobalSection
	GlobalSection(SolutionProperties) = preSolution
		HideSolutionNode = FALSE
	EndGlobalSection
	GlobalSection(ExtensibilityGlobals) = postSolution
		SolutionGuid = {7B8CA0D6-8E0F-4131-B8F6-F1B4FE95EA0D}
	EndGlobalSection
EndGlobal
