
Microsoft Visual Studio Solution File, Format Version 12.00
# Visual Studio Version 17
VisualStudioVersion = 17.12.35527.113 d17.12
MinimumVisualStudioVersion = 10.0.40219.1
Project("{FAE04EC0-301F-11D3-BF4B-00C04F79EFBC}") = "OpenClosed Principle Demo", "OpenClosed Principle Demo\OpenClosed Principle Demo.csproj", "{F52C8A92-D2BD-4056-B670-8D400165F3A2}"
EndProject
Global
	GlobalSection(SolutionConfigurationPlatforms) = preSolution
		Debug|Any CPU = Debug|Any CPU
		Release|Any CPU = Release|Any CPU
	EndGlobalSection
	GlobalSection(ProjectConfigurationPlatforms) = postSolution
		{F52C8A92-D2BD-4056-B670-8D400165F3A2}.Debug|Any CPU.ActiveCfg = Debug|Any CPU
		{F52C8A92-D2BD-4056-B670-8D400165F3A2}.Debug|Any CPU.Build.0 = Debug|Any CPU
		{F52C8A92-D2BD-4056-B670-8D400165F3A2}.Release|Any CPU.ActiveCfg = Release|Any CPU
		{F52C8A92-D2BD-4056-B670-8D400165F3A2}.Release|Any CPU.Build.0 = Release|Any CPU
	EndGlobalSection
	GlobalSection(SolutionProperties) = preSolution
		HideSolutionNode = FALSE
	EndGlobalSection
EndGlobal
