
Microsoft Visual Studio Solution File, Format Version 12.00
# Visual Studio Version 17
VisualStudioVersion = 17.12.35527.113 d17.12
MinimumVisualStudioVersion = 10.0.40219.1
Project("{FAE04EC0-301F-11D3-BF4B-00C04F79EFBC}") = "PLINQ Demonstration - 02", "PLINQ Demonstration - 02\PLINQ Demonstration - 02.csproj", "{52C2BA93-EE5A-4440-901C-FE7D5983241A}"
EndProject
Project("{FAE04EC0-301F-11D3-BF4B-00C04F79EFBC}") = "PLINQ Demonstration - 01", "PLINQ Demonstration - 01\PLINQ Demonstration - 01.csproj", "{0F76F0E4-EA83-4B4C-ABF4-F95247F08224}"
EndProject
Global
	GlobalSection(SolutionConfigurationPlatforms) = preSolution
		Debug|Any CPU = Debug|Any CPU
		Release|Any CPU = Release|Any CPU
	EndGlobalSection
	GlobalSection(ProjectConfigurationPlatforms) = postSolution
		{52C2BA93-EE5A-4440-901C-FE7D5983241A}.Debug|Any CPU.ActiveCfg = Debug|Any CPU
		{52C2BA93-EE5A-4440-901C-FE7D5983241A}.Debug|Any CPU.Build.0 = Debug|Any CPU
		{52C2BA93-EE5A-4440-901C-FE7D5983241A}.Release|Any CPU.ActiveCfg = Release|Any CPU
		{52C2BA93-EE5A-4440-901C-FE7D5983241A}.Release|Any CPU.Build.0 = Release|Any CPU
		{0F76F0E4-EA83-4B4C-ABF4-F95247F08224}.Debug|Any CPU.ActiveCfg = Debug|Any CPU
		{0F76F0E4-EA83-4B4C-ABF4-F95247F08224}.Debug|Any CPU.Build.0 = Debug|Any CPU
		{0F76F0E4-EA83-4B4C-ABF4-F95247F08224}.Release|Any CPU.ActiveCfg = Release|Any CPU
		{0F76F0E4-EA83-4B4C-ABF4-F95247F08224}.Release|Any CPU.Build.0 = Release|Any CPU
	EndGlobalSection
	GlobalSection(SolutionProperties) = preSolution
		HideSolutionNode = FALSE
	EndGlobalSection
EndGlobal
