
Microsoft Visual Studio Solution File, Format Version 12.00
# Visual Studio Version 17
VisualStudioVersion = 17.13.35806.99 d17.13
MinimumVisualStudioVersion = 10.0.40219.1
Project("{FAE04EC0-301F-11D3-BF4B-00C04F79EFBC}") = "ProjectPRN", "ProjectPRN\ProjectPRN.csproj", "{3FA833FC-A3A1-4750-867A-66C6B82FA5DB}"
EndProject
Global
	GlobalSection(SolutionConfigurationPlatforms) = preSolution
		Debug|Any CPU = Debug|Any CPU
		Release|Any CPU = Release|Any CPU
	EndGlobalSection
	GlobalSection(ProjectConfigurationPlatforms) = postSolution
		{3FA833FC-A3A1-4750-867A-66C6B82FA5DB}.Debug|Any CPU.ActiveCfg = Debug|Any CPU
		{3FA833FC-A3A1-4750-867A-66C6B82FA5DB}.Debug|Any CPU.Build.0 = Debug|Any CPU
		{3FA833FC-A3A1-4750-867A-66C6B82FA5DB}.Release|Any CPU.ActiveCfg = Release|Any CPU
		{3FA833FC-A3A1-4750-867A-66C6B82FA5DB}.Release|Any CPU.Build.0 = Release|Any CPU
	EndGlobalSection
	GlobalSection(SolutionProperties) = preSolution
		HideSolutionNode = FALSE
	EndGlobalSection
	GlobalSection(ExtensibilityGlobals) = postSolution
		SolutionGuid = {2015647C-51E8-4035-8051-705B7CC3309D}
	EndGlobalSection
EndGlobal
