
Microsoft Visual Studio Solution File, Format Version 12.00
# Visual Studio Version 17
VisualStudioVersion = 17.13.35806.99 d17.13
MinimumVisualStudioVersion = 10.0.40219.1
Project("{FAE04EC0-301F-11D3-BF4B-00C04F79EFBC}") = "RazorPagesDemo", "RazorPagesDemo\RazorPagesDemo.csproj", "{66B0EF8C-A36F-49BA-AE55-82C9D2F412BD}"
EndProject
Global
	GlobalSection(SolutionConfigurationPlatforms) = preSolution
		Debug|Any CPU = Debug|Any CPU
		Release|Any CPU = Release|Any CPU
	EndGlobalSection
	GlobalSection(ProjectConfigurationPlatforms) = postSolution
		{66B0EF8C-A36F-49BA-AE55-82C9D2F412BD}.Debug|Any CPU.ActiveCfg = Debug|Any CPU
		{66B0EF8C-A36F-49BA-AE55-82C9D2F412BD}.Debug|Any CPU.Build.0 = Debug|Any CPU
		{66B0EF8C-A36F-49BA-AE55-82C9D2F412BD}.Release|Any CPU.ActiveCfg = Release|Any CPU
		{66B0EF8C-A36F-49BA-AE55-82C9D2F412BD}.Release|Any CPU.Build.0 = Release|Any CPU
	EndGlobalSection
	GlobalSection(SolutionProperties) = preSolution
		HideSolutionNode = FALSE
	EndGlobalSection
	GlobalSection(ExtensibilityGlobals) = postSolution
		SolutionGuid = {ABE11390-1A14-4ABB-813A-6C55D6CA2A22}
	EndGlobalSection
EndGlobal
